
Microsoft Visual Studio Solution File, Format Version 12.00
# Visual Studio Version 16
VisualStudioVersion = 16.0.31321.278
MinimumVisualStudioVersion = 10.0.40219.1
Project("{FAE04EC0-301F-11D3-BF4B-00C04F79EFBC}") = "SMCeption_Decoder", "SMCeption_Decoder\SMCeption_Decoder.csproj", "{4D0C139C-42D5-4452-AD6D-A698E722A816}"
EndProject
Global
	GlobalSection(SolutionConfigurationPlatforms) = preSolution
		Debug|Any CPU = Debug|Any CPU
		Release|Any CPU = Release|Any CPU
	EndGlobalSection
	GlobalSection(ProjectConfigurationPlatforms) = postSolution
		{4D0C139C-42D5-4452-AD6D-A698E722A816}.Debug|Any CPU.ActiveCfg = Debug|Any CPU
		{4D0C139C-42D5-4452-AD6D-A698E722A816}.Debug|Any CPU.Build.0 = Debug|Any CPU
		{4D0C139C-42D5-4452-AD6D-A698E722A816}.Release|Any CPU.ActiveCfg = Release|Any CPU
		{4D0C139C-42D5-4452-AD6D-A698E722A816}.Release|Any CPU.Build.0 = Release|Any CPU
	EndGlobalSection
	GlobalSection(SolutionProperties) = preSolution
		HideSolutionNode = FALSE
	EndGlobalSection
	GlobalSection(ExtensibilityGlobals) = postSolution
		SolutionGuid = {2F4BF55A-5111-4A7E-A595-DEB1C035C7CA}
	EndGlobalSection
EndGlobal
